
Microsoft Visual Studio Solution File, Format Version 12.00
# Visual Studio Version 16
VisualStudioVersion = 16.0.28922.388
MinimumVisualStudioVersion = 10.0.40219.1
Project("{9A19103F-16F7-4668-BE54-9A1E7A4F7556}") = "PEA", "PEA\PEA.csproj", "{2A0CD29E-EED0-45A8-8CB3-7962CC63B2BE}"
EndProject
Project("{FAE04EC0-301F-11D3-BF4B-00C04F79EFBC}") = "PEA.Tests", "PEA.Tests\PEA.Tests.csproj", "{8CAD2EB3-96F9-41A5-9D47-71B206F056B7}"
EndProject
Project("{2150E333-8FDC-42A3-9474-1A3956D46DE8}") = "Examples", "Examples", "{72CB01DA-EFAE-4568-B682-1957A92811C2}"
EndProject
Project("{9A19103F-16F7-4668-BE54-9A1E7A4F7556}") = "PEA_TSP_Example", "Examples\PEA_TSP_Example\PEA_TSP_Example.csproj", "{58A421E4-B2D3-4027-9C45-BA5AEEBCAED6}"
EndProject
Project("{9A19103F-16F7-4668-BE54-9A1E7A4F7556}") = "PEA_VehicleScheduling_Example", "Examples\PEA_VehicleScheduling_Example\PEA_VehicleScheduling_Example.csproj", "{AA13A97D-FC2B-4796-BC11-7A6A15BDE867}"
EndProject
Project("{9A19103F-16F7-4668-BE54-9A1E7A4F7556}") = "PEA.Benchmarks", "PEA.Benchmarks\PEA.Benchmarks.csproj", "{0FA621BF-C7D8-4837-8933-CFB9ED9EB617}"
EndProject
Project("{2150E333-8FDC-42A3-9474-1A3956D46DE8}") = "PEA.Core", "PEA.Core", "{F58877E0-16A5-43FA-8EDB-3E3D73D662C4}"
EndProject
Global
	GlobalSection(SolutionConfigurationPlatforms) = preSolution
		Debug|Any CPU = Debug|Any CPU
		Release|Any CPU = Release|Any CPU
	EndGlobalSection
	GlobalSection(ProjectConfigurationPlatforms) = postSolution
		{2A0CD29E-EED0-45A8-8CB3-7962CC63B2BE}.Debug|Any CPU.ActiveCfg = Debug|Any CPU
		{2A0CD29E-EED0-45A8-8CB3-7962CC63B2BE}.Debug|Any CPU.Build.0 = Debug|Any CPU
		{2A0CD29E-EED0-45A8-8CB3-7962CC63B2BE}.Release|Any CPU.ActiveCfg = Release|Any CPU
		{2A0CD29E-EED0-45A8-8CB3-7962CC63B2BE}.Release|Any CPU.Build.0 = Release|Any CPU
		{8CAD2EB3-96F9-41A5-9D47-71B206F056B7}.Debug|Any CPU.ActiveCfg = Debug|Any CPU
		{8CAD2EB3-96F9-41A5-9D47-71B206F056B7}.Debug|Any CPU.Build.0 = Debug|Any CPU
		{8CAD2EB3-96F9-41A5-9D47-71B206F056B7}.Release|Any CPU.ActiveCfg = Release|Any CPU
		{8CAD2EB3-96F9-41A5-9D47-71B206F056B7}.Release|Any CPU.Build.0 = Release|Any CPU
		{58A421E4-B2D3-4027-9C45-BA5AEEBCAED6}.Debug|Any CPU.ActiveCfg = Debug|Any CPU
		{58A421E4-B2D3-4027-9C45-BA5AEEBCAED6}.Debug|Any CPU.Build.0 = Debug|Any CPU
		{58A421E4-B2D3-4027-9C45-BA5AEEBCAED6}.Release|Any CPU.ActiveCfg = Release|Any CPU
		{58A421E4-B2D3-4027-9C45-BA5AEEBCAED6}.Release|Any CPU.Build.0 = Release|Any CPU
		{AA13A97D-FC2B-4796-BC11-7A6A15BDE867}.Debug|Any CPU.ActiveCfg = Debug|Any CPU
		{AA13A97D-FC2B-4796-BC11-7A6A15BDE867}.Debug|Any CPU.Build.0 = Debug|Any CPU
		{AA13A97D-FC2B-4796-BC11-7A6A15BDE867}.Release|Any CPU.ActiveCfg = Release|Any CPU
		{AA13A97D-FC2B-4796-BC11-7A6A15BDE867}.Release|Any CPU.Build.0 = Release|Any CPU
		{0FA621BF-C7D8-4837-8933-CFB9ED9EB617}.Debug|Any CPU.ActiveCfg = Debug|Any CPU
		{0FA621BF-C7D8-4837-8933-CFB9ED9EB617}.Debug|Any CPU.Build.0 = Debug|Any CPU
		{0FA621BF-C7D8-4837-8933-CFB9ED9EB617}.Release|Any CPU.ActiveCfg = Release|Any CPU
		{0FA621BF-C7D8-4837-8933-CFB9ED9EB617}.Release|Any CPU.Build.0 = Release|Any CPU
	EndGlobalSection
	GlobalSection(SolutionProperties) = preSolution
		HideSolutionNode = FALSE
	EndGlobalSection
	GlobalSection(NestedProjects) = preSolution
		{2A0CD29E-EED0-45A8-8CB3-7962CC63B2BE} = {F58877E0-16A5-43FA-8EDB-3E3D73D662C4}
		{8CAD2EB3-96F9-41A5-9D47-71B206F056B7} = {F58877E0-16A5-43FA-8EDB-3E3D73D662C4}
		{58A421E4-B2D3-4027-9C45-BA5AEEBCAED6} = {72CB01DA-EFAE-4568-B682-1957A92811C2}
		{AA13A97D-FC2B-4796-BC11-7A6A15BDE867} = {72CB01DA-EFAE-4568-B682-1957A92811C2}
		{0FA621BF-C7D8-4837-8933-CFB9ED9EB617} = {F58877E0-16A5-43FA-8EDB-3E3D73D662C4}
	EndGlobalSection
	GlobalSection(ExtensibilityGlobals) = postSolution
		SolutionGuid = {D7142636-D420-4680-93EB-80DBA2B1B4F0}
	EndGlobalSection
	GlobalSection(Performance) = preSolution
		HasPerformanceSessions = true
	EndGlobalSection
EndGlobal
